<?xml version="1.0" encoding="utf-8"?>
<Project ToolsVersion="14.0" xmlns="http://schemas.microsoft.com/developer/msbuild/2003">
  <ItemGroup>
    <ClCompile Include="D:\Proj\proj_pad\src\os\common\os_log.c">
      <Filter>Source Files</Filter>
    </ClCompile>
    <ClCompile Include="D:\Proj\proj_pad\src\os\windows\os_mutex.c">
      <Filter>Source Files</Filter>
    </ClCompile>
    <ClCompile Include="D:\Proj\proj_pad\src\os\windows\os_semaphore.c">
      <Filter>Source Files</Filter>
    </ClCompile>
    <ClCompile Include="D:\Proj\proj_pad\src\os\windows\os_stdio.c">
      <Filter>Source Files</Filter>
    </ClCompile>
    <ClCompile Include="D:\Proj\proj_pad\src\os\windows\os_thread.c">
      <Filter>Source Files</Filter>
    </ClCompile>
    <ClCompile Include="D:\Proj\proj_pad\src\os\windows\os_time.c">
      <Filter>Source Files</Filter>
    </ClCompile>
    <ClCompile Include="D:\Proj\proj_pad\src\os\windows\os_timer.c">
      <Filter>Source Files</Filter>
    </ClCompile>
  </ItemGroup>
  <ItemGroup>
    <CustomBuild Include="D:\Proj\proj_pad\src\os\CMakeLists.txt" />
  </ItemGroup>
  <ItemGroup>
    <Filter Include="Source Files">
      <UniqueIdentifier>{FC0049CD-097A-3BA1-9A75-6CD9F57D3EDA}</UniqueIdentifier>
    </Filter>
  </ItemGroup>
</Project>
